
Microsoft Visual Studio Solution File, Format Version 12.00
# Visual Studio Version 17
VisualStudioVersion = 17.0.31903.59
MinimumVisualStudioVersion = 10.0.40219.1
Project("{2150E333-8FDC-42A3-9474-1A3956D46DE8}") = "Lab1", "Lab1", "{6B2AD2E7-2195-40E9-A412-9FE2024BFB6D}"
	ProjectSection(SolutionItems) = preProject
		INPUT.TXT = INPUT.TXT
		OUTPUT.TXT = OUTPUT.TXT
	EndProjectSection
EndProject
Project("{9A19103F-16F7-4668-BE54-9A1E7A4F7556}") = "Tests", "Lab1\Tests\Tests.csproj", "{A55F8195-935C-4690-84FF-971F91313905}"
EndProject
Project("{9A19103F-16F7-4668-BE54-9A1E7A4F7556}") = "App", "Lab1\App\App.csproj", "{19055AB6-FA1F-4ACC-93FA-A657D469DC30}"
EndProject
Project("{2150E333-8FDC-42A3-9474-1A3956D46DE8}") = "Solution Items", "Solution Items", "{3BF13851-2368-44B1-825A-055352A6AD62}"
	ProjectSection(SolutionItems) = preProject
		Build.proj = Build.proj
	EndProjectSection
EndProject
Project("{2150E333-8FDC-42A3-9474-1A3956D46DE8}") = "Lab2", "Lab2", "{435965ED-618A-453F-980F-324D3ABAEA94}"
EndProject
Project("{FAE04EC0-301F-11D3-BF4B-00C04F79EFBC}") = "Tests", "Lab2\Tests\Tests.csproj", "{4BE90181-BE90-4B33-B1EA-14B0D7DE2FCC}"
EndProject
Project("{FAE04EC0-301F-11D3-BF4B-00C04F79EFBC}") = "App", "Lab2\App\App.csproj", "{FF6EEEC2-2182-4221-893C-D9830D576940}"
EndProject
Project("{2150E333-8FDC-42A3-9474-1A3956D46DE8}") = "Lab3", "Lab3", "{3F754E86-1AD2-4C48-B3B9-C99B21F9FF9E}"
EndProject
Project("{FAE04EC0-301F-11D3-BF4B-00C04F79EFBC}") = "App", "Lab3\App\App.csproj", "{93D5A270-A27B-42CF-9DBE-9F87F169965B}"
EndProject
Project("{FAE04EC0-301F-11D3-BF4B-00C04F79EFBC}") = "Tests", "Lab3\Tests\Tests.csproj", "{01D02C11-A367-4357-A415-48BA55A17296}"
EndProject
Global
	GlobalSection(SolutionConfigurationPlatforms) = preSolution
		Debug|Any CPU = Debug|Any CPU
		Release|Any CPU = Release|Any CPU
	EndGlobalSection
	GlobalSection(ProjectConfigurationPlatforms) = postSolution
		{A55F8195-935C-4690-84FF-971F91313905}.Debug|Any CPU.ActiveCfg = Debug|Any CPU
		{A55F8195-935C-4690-84FF-971F91313905}.Debug|Any CPU.Build.0 = Debug|Any CPU
		{A55F8195-935C-4690-84FF-971F91313905}.Release|Any CPU.ActiveCfg = Release|Any CPU
		{A55F8195-935C-4690-84FF-971F91313905}.Release|Any CPU.Build.0 = Release|Any CPU
		{19055AB6-FA1F-4ACC-93FA-A657D469DC30}.Debug|Any CPU.ActiveCfg = Debug|Any CPU
		{19055AB6-FA1F-4ACC-93FA-A657D469DC30}.Debug|Any CPU.Build.0 = Debug|Any CPU
		{19055AB6-FA1F-4ACC-93FA-A657D469DC30}.Release|Any CPU.ActiveCfg = Release|Any CPU
		{19055AB6-FA1F-4ACC-93FA-A657D469DC30}.Release|Any CPU.Build.0 = Release|Any CPU
		{4BE90181-BE90-4B33-B1EA-14B0D7DE2FCC}.Debug|Any CPU.ActiveCfg = Debug|Any CPU
		{4BE90181-BE90-4B33-B1EA-14B0D7DE2FCC}.Debug|Any CPU.Build.0 = Debug|Any CPU
		{4BE90181-BE90-4B33-B1EA-14B0D7DE2FCC}.Release|Any CPU.ActiveCfg = Release|Any CPU
		{4BE90181-BE90-4B33-B1EA-14B0D7DE2FCC}.Release|Any CPU.Build.0 = Release|Any CPU
		{FF6EEEC2-2182-4221-893C-D9830D576940}.Debug|Any CPU.ActiveCfg = Debug|Any CPU
		{FF6EEEC2-2182-4221-893C-D9830D576940}.Debug|Any CPU.Build.0 = Debug|Any CPU
		{FF6EEEC2-2182-4221-893C-D9830D576940}.Release|Any CPU.ActiveCfg = Release|Any CPU
		{FF6EEEC2-2182-4221-893C-D9830D576940}.Release|Any CPU.Build.0 = Release|Any CPU
		{93D5A270-A27B-42CF-9DBE-9F87F169965B}.Debug|Any CPU.ActiveCfg = Debug|Any CPU
		{93D5A270-A27B-42CF-9DBE-9F87F169965B}.Debug|Any CPU.Build.0 = Debug|Any CPU
		{93D5A270-A27B-42CF-9DBE-9F87F169965B}.Release|Any CPU.ActiveCfg = Release|Any CPU
		{93D5A270-A27B-42CF-9DBE-9F87F169965B}.Release|Any CPU.Build.0 = Release|Any CPU
		{01D02C11-A367-4357-A415-48BA55A17296}.Debug|Any CPU.ActiveCfg = Debug|Any CPU
		{01D02C11-A367-4357-A415-48BA55A17296}.Debug|Any CPU.Build.0 = Debug|Any CPU
		{01D02C11-A367-4357-A415-48BA55A17296}.Release|Any CPU.ActiveCfg = Release|Any CPU
		{01D02C11-A367-4357-A415-48BA55A17296}.Release|Any CPU.Build.0 = Release|Any CPU
	EndGlobalSection
	GlobalSection(SolutionProperties) = preSolution
		HideSolutionNode = FALSE
	EndGlobalSection
	GlobalSection(NestedProjects) = preSolution
		{A55F8195-935C-4690-84FF-971F91313905} = {6B2AD2E7-2195-40E9-A412-9FE2024BFB6D}
		{19055AB6-FA1F-4ACC-93FA-A657D469DC30} = {6B2AD2E7-2195-40E9-A412-9FE2024BFB6D}
		{4BE90181-BE90-4B33-B1EA-14B0D7DE2FCC} = {435965ED-618A-453F-980F-324D3ABAEA94}
		{FF6EEEC2-2182-4221-893C-D9830D576940} = {435965ED-618A-453F-980F-324D3ABAEA94}
		{93D5A270-A27B-42CF-9DBE-9F87F169965B} = {3F754E86-1AD2-4C48-B3B9-C99B21F9FF9E}
		{01D02C11-A367-4357-A415-48BA55A17296} = {3F754E86-1AD2-4C48-B3B9-C99B21F9FF9E}
	EndGlobalSection
	GlobalSection(ExtensibilityGlobals) = postSolution
		SolutionGuid = {BBAECC82-D4E5-4094-BB92-2FFD5236849F}
	EndGlobalSection
EndGlobal
